Microsoft Visual Studio Solution File, Format Version 12.00
# Visual Studio 2013
VisualStudioVersion = 12.0.30501.0
MinimumVisualStudioVersion = 10.0.40219.1
Project("{FAE04EC0-301F-11D3-BF4B-00C04F79EFBC}") = "CocosSharp.WindowsDX", "src\CocosSharp.WindowsDX.csproj", "{2B5CA459-536C-4B8C-A8C4-B7BEC723FE7A}"
EndProject
Project("{FAE04EC0-301F-11D3-BF4B-00C04F79EFBC}") = "Lidgren.Network.Windows", "MonoGame\ThirdParty\Lidgren.Network\Lidgren.Network.Windows.csproj", "{AE483C29-042E-4226-BA52-D247CE7676DA}"
EndProject
Project("{FAE04EC0-301F-11D3-BF4B-00C04F79EFBC}") = "MonoGame.Framework.Windows", "MonoGame\MonoGame.Framework\MonoGame.Framework.Windows.csproj", "{7DE47032-A904-4C29-BD22-2D235E8D91BA}"
EndProject
Project("{FAE04EC0-301F-11D3-BF4B-00C04F79EFBC}") = "box2d.WindowsDX", "box2d\box2d.WindowsDX.csproj", "{B81B6701-7A78-4846-BF6F-04E0591F0F38}"
EndProject
Project("{FAE04EC0-301F-11D3-BF4B-00C04F79EFBC}") = "MonoGame.Framework.Net.Windows", "MonoGame\MonoGame.Framework\MonoGame.Framework.Net.Windows.csproj", "{87A71215-7CAC-4B80-9D43-1700DECFB828}"
EndProject
Project("{FAE04EC0-301F-11D3-BF4B-00C04F79EFBC}") = "ChipmunkSharp.Win32", "..\ChipmunkSharp\src\ChipmunkSharp\win32\ChipmunkSharp.Win32.csproj", "{FD50437F-B756-4BD8-99BE-B723F6E1EB45}"
EndProject
Global
	GlobalSection(SolutionConfigurationPlatforms) = preSolution
		Debug|Any CPU = Debug|Any CPU
		Debug|Mixed Platforms = Debug|Mixed Platforms
		Debug|x86 = Debug|x86
		PhysicsDebug|Any CPU = PhysicsDebug|Any CPU
		PhysicsDebug|Mixed Platforms = PhysicsDebug|Mixed Platforms
		PhysicsDebug|x86 = PhysicsDebug|x86
		PhysicsRelease|Any CPU = PhysicsRelease|Any CPU
		PhysicsRelease|Mixed Platforms = PhysicsRelease|Mixed Platforms
		PhysicsRelease|x86 = PhysicsRelease|x86
		Release|Any CPU = Release|Any CPU
		Release|Mixed Platforms = Release|Mixed Platforms
		Release|x86 = Release|x86
	EndGlobalSection
	GlobalSection(ProjectConfigurationPlatforms) = postSolution
		{2B5CA459-536C-4B8C-A8C4-B7BEC723FE7A}.Debug|Any CPU.ActiveCfg = Debug|Any CPU
		{2B5CA459-536C-4B8C-A8C4-B7BEC723FE7A}.Debug|Any CPU.Build.0 = Debug|Any CPU
		{2B5CA459-536C-4B8C-A8C4-B7BEC723FE7A}.Debug|Mixed Platforms.ActiveCfg = Debug|x86
		{2B5CA459-536C-4B8C-A8C4-B7BEC723FE7A}.Debug|Mixed Platforms.Build.0 = Debug|x86
		{2B5CA459-536C-4B8C-A8C4-B7BEC723FE7A}.Debug|x86.ActiveCfg = Debug|x86
		{2B5CA459-536C-4B8C-A8C4-B7BEC723FE7A}.Debug|x86.Build.0 = Debug|x86
		{2B5CA459-536C-4B8C-A8C4-B7BEC723FE7A}.PhysicsDebug|Any CPU.ActiveCfg = PhysicsDebug|x86
		{2B5CA459-536C-4B8C-A8C4-B7BEC723FE7A}.PhysicsDebug|Any CPU.Build.0 = PhysicsDebug|Any CPU
		{2B5CA459-536C-4B8C-A8C4-B7BEC723FE7A}.PhysicsDebug|Mixed Platforms.ActiveCfg = PhysicsDebug|x86
		{2B5CA459-536C-4B8C-A8C4-B7BEC723FE7A}.PhysicsDebug|Mixed Platforms.Build.0 = PhysicsDebug|x86
		{2B5CA459-536C-4B8C-A8C4-B7BEC723FE7A}.PhysicsDebug|x86.ActiveCfg = PhysicsDebug|x86
		{2B5CA459-536C-4B8C-A8C4-B7BEC723FE7A}.PhysicsDebug|x86.Build.0 = PhysicsDebug|x86
		{2B5CA459-536C-4B8C-A8C4-B7BEC723FE7A}.PhysicsRelease|Any CPU.ActiveCfg = PhysicsRelease|x86
		{2B5CA459-536C-4B8C-A8C4-B7BEC723FE7A}.PhysicsRelease|Any CPU.Build.0 = PhysicsRelease|Any CPU
		{2B5CA459-536C-4B8C-A8C4-B7BEC723FE7A}.PhysicsRelease|Mixed Platforms.ActiveCfg = PhysicsRelease|x86
		{2B5CA459-536C-4B8C-A8C4-B7BEC723FE7A}.PhysicsRelease|Mixed Platforms.Build.0 = PhysicsRelease|x86
		{2B5CA459-536C-4B8C-A8C4-B7BEC723FE7A}.PhysicsRelease|x86.ActiveCfg = PhysicsRelease|x86
		{2B5CA459-536C-4B8C-A8C4-B7BEC723FE7A}.PhysicsRelease|x86.Build.0 = PhysicsRelease|x86
		{2B5CA459-536C-4B8C-A8C4-B7BEC723FE7A}.Release|Any CPU.ActiveCfg = Release|Any CPU
		{2B5CA459-536C-4B8C-A8C4-B7BEC723FE7A}.Release|Any CPU.Build.0 = Release|Any CPU
		{2B5CA459-536C-4B8C-A8C4-B7BEC723FE7A}.Release|Mixed Platforms.ActiveCfg = Release|x86
		{2B5CA459-536C-4B8C-A8C4-B7BEC723FE7A}.Release|Mixed Platforms.Build.0 = Release|x86
		{2B5CA459-536C-4B8C-A8C4-B7BEC723FE7A}.Release|x86.ActiveCfg = Release|x86
		{2B5CA459-536C-4B8C-A8C4-B7BEC723FE7A}.Release|x86.Build.0 = Release|x86
		{AE483C29-042E-4226-BA52-D247CE7676DA}.Debug|Any CPU.ActiveCfg = Debug|Any CPU
		{AE483C29-042E-4226-BA52-D247CE7676DA}.Debug|Any CPU.Build.0 = Debug|Any CPU
		{AE483C29-042E-4226-BA52-D247CE7676DA}.Debug|Mixed Platforms.ActiveCfg = Debug|Any CPU
		{AE483C29-042E-4226-BA52-D247CE7676DA}.Debug|Mixed Platforms.Build.0 = Debug|Any CPU
		{AE483C29-042E-4226-BA52-D247CE7676DA}.Debug|x86.ActiveCfg = Debug|Any CPU
		{AE483C29-042E-4226-BA52-D247CE7676DA}.PhysicsDebug|Any CPU.ActiveCfg = Debug|Any CPU
		{AE483C29-042E-4226-BA52-D247CE7676DA}.PhysicsDebug|Any CPU.Build.0 = Debug|Any CPU
		{AE483C29-042E-4226-BA52-D247CE7676DA}.PhysicsDebug|Mixed Platforms.ActiveCfg = Debug|Any CPU
		{AE483C29-042E-4226-BA52-D247CE7676DA}.PhysicsDebug|Mixed Platforms.Build.0 = Debug|Any CPU
		{AE483C29-042E-4226-BA52-D247CE7676DA}.PhysicsDebug|x86.ActiveCfg = Debug|Any CPU
		{AE483C29-042E-4226-BA52-D247CE7676DA}.PhysicsRelease|Any CPU.ActiveCfg = Release|Any CPU
		{AE483C29-042E-4226-BA52-D247CE7676DA}.PhysicsRelease|Any CPU.Build.0 = Release|Any CPU
		{AE483C29-042E-4226-BA52-D247CE7676DA}.PhysicsRelease|Mixed Platforms.ActiveCfg = Release|Any CPU
		{AE483C29-042E-4226-BA52-D247CE7676DA}.PhysicsRelease|Mixed Platforms.Build.0 = Release|Any CPU
		{AE483C29-042E-4226-BA52-D247CE7676DA}.PhysicsRelease|x86.ActiveCfg = Release|Any CPU
		{AE483C29-042E-4226-BA52-D247CE7676DA}.Release|Any CPU.ActiveCfg = Release|Any CPU
		{AE483C29-042E-4226-BA52-D247CE7676DA}.Release|Any CPU.Build.0 = Release|Any CPU
		{AE483C29-042E-4226-BA52-D247CE7676DA}.Release|Mixed Platforms.ActiveCfg = Release|Any CPU
		{AE483C29-042E-4226-BA52-D247CE7676DA}.Release|Mixed Platforms.Build.0 = Release|Any CPU
		{AE483C29-042E-4226-BA52-D247CE7676DA}.Release|x86.ActiveCfg = Release|Any CPU
		{7DE47032-A904-4C29-BD22-2D235E8D91BA}.Debug|Any CPU.ActiveCfg = Debug|Any CPU
		{7DE47032-A904-4C29-BD22-2D235E8D91BA}.Debug|Any CPU.Build.0 = Debug|Any CPU
		{7DE47032-A904-4C29-BD22-2D235E8D91BA}.Debug|Mixed Platforms.ActiveCfg = Debug|Any CPU
		{7DE47032-A904-4C29-BD22-2D235E8D91BA}.Debug|Mixed Platforms.Build.0 = Debug|Any CPU
		{7DE47032-A904-4C29-BD22-2D235E8D91BA}.Debug|x86.ActiveCfg = Debug|Any CPU
		{7DE47032-A904-4C29-BD22-2D235E8D91BA}.PhysicsDebug|Any CPU.ActiveCfg = Debug|Any CPU
		{7DE47032-A904-4C29-BD22-2D235E8D91BA}.PhysicsDebug|Any CPU.Build.0 = Debug|Any CPU
		{7DE47032-A904-4C29-BD22-2D235E8D91BA}.PhysicsDebug|Mixed Platforms.ActiveCfg = Debug|Any CPU
		{7DE47032-A904-4C29-BD22-2D235E8D91BA}.PhysicsDebug|Mixed Platforms.Build.0 = Debug|Any CPU
		{7DE47032-A904-4C29-BD22-2D235E8D91BA}.PhysicsDebug|x86.ActiveCfg = Debug|Any CPU
		{7DE47032-A904-4C29-BD22-2D235E8D91BA}.PhysicsRelease|Any CPU.ActiveCfg = Release|Any CPU
		{7DE47032-A904-4C29-BD22-2D235E8D91BA}.PhysicsRelease|Any CPU.Build.0 = Release|Any CPU
		{7DE47032-A904-4C29-BD22-2D235E8D91BA}.PhysicsRelease|Mixed Platforms.ActiveCfg = Release|Any CPU
		{7DE47032-A904-4C29-BD22-2D235E8D91BA}.PhysicsRelease|Mixed Platforms.Build.0 = Release|Any CPU
		{7DE47032-A904-4C29-BD22-2D235E8D91BA}.PhysicsRelease|x86.ActiveCfg = Release|Any CPU
		{7DE47032-A904-4C29-BD22-2D235E8D91BA}.Release|Any CPU.ActiveCfg = Release|Any CPU
		{7DE47032-A904-4C29-BD22-2D235E8D91BA}.Release|Any CPU.Build.0 = Release|Any CPU
		{7DE47032-A904-4C29-BD22-2D235E8D91BA}.Release|Mixed Platforms.ActiveCfg = Release|Any CPU
		{7DE47032-A904-4C29-BD22-2D235E8D91BA}.Release|Mixed Platforms.Build.0 = Release|Any CPU
		{7DE47032-A904-4C29-BD22-2D235E8D91BA}.Release|x86.ActiveCfg = Release|Any CPU
		{B81B6701-7A78-4846-BF6F-04E0591F0F38}.Debug|Any CPU.ActiveCfg = Debug|Any CPU
		{B81B6701-7A78-4846-BF6F-04E0591F0F38}.Debug|Any CPU.Build.0 = Debug|Any CPU
		{B81B6701-7A78-4846-BF6F-04E0591F0F38}.Debug|Mixed Platforms.ActiveCfg = Debug|Any CPU
		{B81B6701-7A78-4846-BF6F-04E0591F0F38}.Debug|Mixed Platforms.Build.0 = Debug|Any CPU
		{B81B6701-7A78-4846-BF6F-04E0591F0F38}.Debug|x86.ActiveCfg = Debug|Any CPU
		{B81B6701-7A78-4846-BF6F-04E0591F0F38}.PhysicsDebug|Any CPU.ActiveCfg = Debug|Any CPU
		{B81B6701-7A78-4846-BF6F-04E0591F0F38}.PhysicsDebug|Any CPU.Build.0 = Debug|Any CPU
		{B81B6701-7A78-4846-BF6F-04E0591F0F38}.PhysicsDebug|Mixed Platforms.ActiveCfg = Debug|Any CPU
		{B81B6701-7A78-4846-BF6F-04E0591F0F38}.PhysicsDebug|Mixed Platforms.Build.0 = Debug|Any CPU
		{B81B6701-7A78-4846-BF6F-04E0591F0F38}.PhysicsDebug|x86.ActiveCfg = Debug|Any CPU
		{B81B6701-7A78-4846-BF6F-04E0591F0F38}.PhysicsRelease|Any CPU.ActiveCfg = Release|Any CPU
		{B81B6701-7A78-4846-BF6F-04E0591F0F38}.PhysicsRelease|Any CPU.Build.0 = Release|Any CPU
		{B81B6701-7A78-4846-BF6F-04E0591F0F38}.PhysicsRelease|Mixed Platforms.ActiveCfg = Release|Any CPU
		{B81B6701-7A78-4846-BF6F-04E0591F0F38}.PhysicsRelease|Mixed Platforms.Build.0 = Release|Any CPU
		{B81B6701-7A78-4846-BF6F-04E0591F0F38}.PhysicsRelease|x86.ActiveCfg = Release|Any CPU
		{B81B6701-7A78-4846-BF6F-04E0591F0F38}.Release|Any CPU.ActiveCfg = Release|Any CPU
		{B81B6701-7A78-4846-BF6F-04E0591F0F38}.Release|Any CPU.Build.0 = Release|Any CPU
		{B81B6701-7A78-4846-BF6F-04E0591F0F38}.Release|Mixed Platforms.ActiveCfg = Release|Any CPU
		{B81B6701-7A78-4846-BF6F-04E0591F0F38}.Release|Mixed Platforms.Build.0 = Release|Any CPU
		{B81B6701-7A78-4846-BF6F-04E0591F0F38}.Release|x86.ActiveCfg = Release|Any CPU
		{87A71215-7CAC-4B80-9D43-1700DECFB828}.Debug|Any CPU.ActiveCfg = Debug|Any CPU
		{87A71215-7CAC-4B80-9D43-1700DECFB828}.Debug|Any CPU.Build.0 = Debug|Any CPU
		{87A71215-7CAC-4B80-9D43-1700DECFB828}.Debug|Mixed Platforms.ActiveCfg = Debug|Any CPU
		{87A71215-7CAC-4B80-9D43-1700DECFB828}.Debug|Mixed Platforms.Build.0 = Debug|Any CPU
		{87A71215-7CAC-4B80-9D43-1700DECFB828}.Debug|x86.ActiveCfg = Debug|Any CPU
		{87A71215-7CAC-4B80-9D43-1700DECFB828}.PhysicsDebug|Any CPU.ActiveCfg = Debug|Any CPU
		{87A71215-7CAC-4B80-9D43-1700DECFB828}.PhysicsDebug|Any CPU.Build.0 = Debug|Any CPU
		{87A71215-7CAC-4B80-9D43-1700DECFB828}.PhysicsDebug|Mixed Platforms.ActiveCfg = Debug|Any CPU
		{87A71215-7CAC-4B80-9D43-1700DECFB828}.PhysicsDebug|Mixed Platforms.Build.0 = Debug|Any CPU
		{87A71215-7CAC-4B80-9D43-1700DECFB828}.PhysicsDebug|x86.ActiveCfg = Debug|Any CPU
		{87A71215-7CAC-4B80-9D43-1700DECFB828}.PhysicsRelease|Any CPU.ActiveCfg = Release|Any CPU
		{87A71215-7CAC-4B80-9D43-1700DECFB828}.PhysicsRelease|Any CPU.Build.0 = Release|Any CPU
		{87A71215-7CAC-4B80-9D43-1700DECFB828}.PhysicsRelease|Mixed Platforms.ActiveCfg = Release|Any CPU
		{87A71215-7CAC-4B80-9D43-1700DECFB828}.PhysicsRelease|Mixed Platforms.Build.0 = Release|Any CPU
		{87A71215-7CAC-4B80-9D43-1700DECFB828}.PhysicsRelease|x86.ActiveCfg = Release|Any CPU
		{87A71215-7CAC-4B80-9D43-1700DECFB828}.Release|Any CPU.ActiveCfg = Release|Any CPU
		{87A71215-7CAC-4B80-9D43-1700DECFB828}.Release|Any CPU.Build.0 = Release|Any CPU
		{87A71215-7CAC-4B80-9D43-1700DECFB828}.Release|Mixed Platforms.ActiveCfg = Release|Any CPU
		{87A71215-7CAC-4B80-9D43-1700DECFB828}.Release|Mixed Platforms.Build.0 = Release|Any CPU
		{87A71215-7CAC-4B80-9D43-1700DECFB828}.Release|x86.ActiveCfg = Release|Any CPU
		{FD50437F-B756-4BD8-99BE-B723F6E1EB45}.Debug|Any CPU.ActiveCfg = Debug|Any CPU
		{FD50437F-B756-4BD8-99BE-B723F6E1EB45}.Debug|Any CPU.Build.0 = Debug|Any CPU
		{FD50437F-B756-4BD8-99BE-B723F6E1EB45}.Debug|Mixed Platforms.ActiveCfg = Debug|Any CPU
		{FD50437F-B756-4BD8-99BE-B723F6E1EB45}.Debug|Mixed Platforms.Build.0 = Debug|Any CPU
		{FD50437F-B756-4BD8-99BE-B723F6E1EB45}.Debug|x86.ActiveCfg = Debug|Any CPU
		{FD50437F-B756-4BD8-99BE-B723F6E1EB45}.PhysicsDebug|Any CPU.ActiveCfg = Debug|Any CPU
		{FD50437F-B756-4BD8-99BE-B723F6E1EB45}.PhysicsDebug|Any CPU.Build.0 = Debug|Any CPU
		{FD50437F-B756-4BD8-99BE-B723F6E1EB45}.PhysicsDebug|Mixed Platforms.ActiveCfg = Debug|Any CPU
		{FD50437F-B756-4BD8-99BE-B723F6E1EB45}.PhysicsDebug|Mixed Platforms.Build.0 = Debug|Any CPU
		{FD50437F-B756-4BD8-99BE-B723F6E1EB45}.PhysicsDebug|x86.ActiveCfg = Debug|Any CPU
		{FD50437F-B756-4BD8-99BE-B723F6E1EB45}.PhysicsRelease|Any CPU.ActiveCfg = Release|Any CPU
		{FD50437F-B756-4BD8-99BE-B723F6E1EB45}.PhysicsRelease|Any CPU.Build.0 = Release|Any CPU
		{FD50437F-B756-4BD8-99BE-B723F6E1EB45}.PhysicsRelease|Mixed Platforms.ActiveCfg = Release|Any CPU
		{FD50437F-B756-4BD8-99BE-B723F6E1EB45}.PhysicsRelease|Mixed Platforms.Build.0 = Release|Any CPU
		{FD50437F-B756-4BD8-99BE-B723F6E1EB45}.PhysicsRelease|x86.ActiveCfg = Release|Any CPU
		{FD50437F-B756-4BD8-99BE-B723F6E1EB45}.Release|Any CPU.ActiveCfg = Release|Any CPU
		{FD50437F-B756-4BD8-99BE-B723F6E1EB45}.Release|Any CPU.Build.0 = Release|Any CPU
		{FD50437F-B756-4BD8-99BE-B723F6E1EB45}.Release|Mixed Platforms.ActiveCfg = Release|Any CPU
		{FD50437F-B756-4BD8-99BE-B723F6E1EB45}.Release|Mixed Platforms.Build.0 = Release|Any CPU
		{FD50437F-B756-4BD8-99BE-B723F6E1EB45}.Release|x86.ActiveCfg = Release|Any CPU
	EndGlobalSection
	GlobalSection(SolutionProperties) = preSolution
		HideSolutionNode = FALSE
	EndGlobalSection
	GlobalSection(MonoDevelopProperties) = preSolution
		StartupItem = src\cocos2d.WindowsGL.csproj
	EndGlobalSection
EndGlobal
